
Microsoft Visual Studio Solution File, Format Version 12.00
# Visual Studio Version 17
VisualStudioVersion = 17.0.31903.59
MinimumVisualStudioVersion = 10.0.40219.1
Project("{F2A71F9B-5D33-465A-A702-920D77279786}") = "HTLVB.RegistrationForm.Server", "src\user-app-server\HTLVB.RegistrationForm.Server.fsproj", "{CA2D14B2-012D-4709-A8D2-F14F1F0F00A2}"
EndProject
Project("{F2A71F9B-5D33-465A-A702-920D77279786}") = "HTLVB.RegistrationForm.Server.Tests", "src\user-app-server-test\HTLVB.RegistrationForm.Server.Tests.fsproj", "{BCABED60-4FB9-4A30-807A-018C6698ED46}"
EndProject
Project("{F2A71F9B-5D33-465A-A702-920D77279786}") = "HTLVB.RegistrationForm.Admin.Server", "src\admin-app-server\HTLVB.RegistrationForm.Admin.Server.fsproj", "{0E771103-3102-4F31-A082-CB956F8D0C53}"
EndProject
Project("{F2A71F9B-5D33-465A-A702-920D77279786}") = "HTLVB.RegistrationForm.Admin.Server.Tests", "src\admin-app-server-tests\HTLVB.RegistrationForm.Admin.Server.Tests.fsproj", "{91700C38-D72A-4F12-987B-501F9E374A9E}"
EndProject
Global
	GlobalSection(SolutionConfigurationPlatforms) = preSolution
		Debug|Any CPU = Debug|Any CPU
		Release|Any CPU = Release|Any CPU
	EndGlobalSection
	GlobalSection(SolutionProperties) = preSolution
		HideSolutionNode = FALSE
	EndGlobalSection
	GlobalSection(ProjectConfigurationPlatforms) = postSolution
		{CA2D14B2-012D-4709-A8D2-F14F1F0F00A2}.Debug|Any CPU.ActiveCfg = Debug|Any CPU
		{CA2D14B2-012D-4709-A8D2-F14F1F0F00A2}.Debug|Any CPU.Build.0 = Debug|Any CPU
		{CA2D14B2-012D-4709-A8D2-F14F1F0F00A2}.Release|Any CPU.ActiveCfg = Release|Any CPU
		{CA2D14B2-012D-4709-A8D2-F14F1F0F00A2}.Release|Any CPU.Build.0 = Release|Any CPU
		{BCABED60-4FB9-4A30-807A-018C6698ED46}.Debug|Any CPU.ActiveCfg = Debug|Any CPU
		{BCABED60-4FB9-4A30-807A-018C6698ED46}.Debug|Any CPU.Build.0 = Debug|Any CPU
		{BCABED60-4FB9-4A30-807A-018C6698ED46}.Release|Any CPU.ActiveCfg = Release|Any CPU
		{BCABED60-4FB9-4A30-807A-018C6698ED46}.Release|Any CPU.Build.0 = Release|Any CPU
		{0E771103-3102-4F31-A082-CB956F8D0C53}.Debug|Any CPU.ActiveCfg = Debug|Any CPU
		{0E771103-3102-4F31-A082-CB956F8D0C53}.Debug|Any CPU.Build.0 = Debug|Any CPU
		{0E771103-3102-4F31-A082-CB956F8D0C53}.Release|Any CPU.ActiveCfg = Release|Any CPU
		{0E771103-3102-4F31-A082-CB956F8D0C53}.Release|Any CPU.Build.0 = Release|Any CPU
		{91700C38-D72A-4F12-987B-501F9E374A9E}.Debug|Any CPU.ActiveCfg = Debug|Any CPU
		{91700C38-D72A-4F12-987B-501F9E374A9E}.Debug|Any CPU.Build.0 = Debug|Any CPU
		{91700C38-D72A-4F12-987B-501F9E374A9E}.Release|Any CPU.ActiveCfg = Release|Any CPU
		{91700C38-D72A-4F12-987B-501F9E374A9E}.Release|Any CPU.Build.0 = Release|Any CPU
	EndGlobalSection
EndGlobal
